
Microsoft Visual Studio Solution File, Format Version 12.00
# Visual Studio Version 16
VisualStudioVersion = 16.0.31515.178
MinimumVisualStudioVersion = 10.0.40219.1
Project("{FAE04EC0-301F-11D3-BF4B-00C04F79EFBC}") = "Crawler", "Crawler\Crawler.csproj", "{F3A60A00-7545-4837-9FEE-5C75873E74A0}"
EndProject
Global
	GlobalSection(SolutionConfigurationPlatforms) = preSolution
		Debug|Any CPU = Debug|Any CPU
		Release|Any CPU = Release|Any CPU
	EndGlobalSection
	GlobalSection(ProjectConfigurationPlatforms) = postSolution
		{F3A60A00-7545-4837-9FEE-5C75873E74A0}.Debug|Any CPU.ActiveCfg = Debug|Any CPU
		{F3A60A00-7545-4837-9FEE-5C75873E74A0}.Debug|Any CPU.Build.0 = Debug|Any CPU
		{F3A60A00-7545-4837-9FEE-5C75873E74A0}.Release|Any CPU.ActiveCfg = Release|Any CPU
		{F3A60A00-7545-4837-9FEE-5C75873E74A0}.Release|Any CPU.Build.0 = Release|Any CPU
	EndGlobalSection
	GlobalSection(SolutionProperties) = preSolution
		HideSolutionNode = FALSE
	EndGlobalSection
	GlobalSection(ExtensibilityGlobals) = postSolution
		SolutionGuid = {481BD947-D0F4-4B92-89E0-84914BBAF40D}
	EndGlobalSection
EndGlobal
